
Microsoft Visual Studio Solution File, Format Version 12.00
# Visual Studio 2012
Project("{FAE04EC0-301F-11D3-BF4B-00C04F79EFBC}") = "SbigSharp", "SbigSharp.csproj", "{C93B2442-FCDA-466E-A39A-E8ADEB465950}"
EndProject
Global
	GlobalSection(SolutionConfigurationPlatforms) = preSolution
		Debug|Any CPU = Debug|Any CPU
		Release|Any CPU = Release|Any CPU
	EndGlobalSection
	GlobalSection(ProjectConfigurationPlatforms) = postSolution
		{C93B2442-FCDA-466E-A39A-E8ADEB465950}.Debug|Any CPU.ActiveCfg = Debug|Any CPU
		{C93B2442-FCDA-466E-A39A-E8ADEB465950}.Debug|Any CPU.Build.0 = Debug|Any CPU
		{C93B2442-FCDA-466E-A39A-E8ADEB465950}.Release|Any CPU.ActiveCfg = Release|Any CPU
		{C93B2442-FCDA-466E-A39A-E8ADEB465950}.Release|Any CPU.Build.0 = Release|Any CPU
	EndGlobalSection
	GlobalSection(SolutionProperties) = preSolution
		HideSolutionNode = FALSE
	EndGlobalSection
EndGlobal
